
Microsoft Visual Studio Solution File, Format Version 12.00
# Visual Studio Version 17
VisualStudioVersion = 17.7.34202.233
MinimumVisualStudioVersion = 10.0.40219.1
Project("{FAE04EC0-301F-11D3-BF4B-00C04F79EFBC}") = "Entregable2", "Entregable2\Entregable2.csproj", "{4B5C39E6-BE16-4626-A175-0871C235E9CA}"
EndProject
Global
	GlobalSection(SolutionConfigurationPlatforms) = preSolution
		Debug|Any CPU = Debug|Any CPU
		Release|Any CPU = Release|Any CPU
	EndGlobalSection
	GlobalSection(ProjectConfigurationPlatforms) = postSolution
		{4B5C39E6-BE16-4626-A175-0871C235E9CA}.Debug|Any CPU.ActiveCfg = Debug|Any CPU
		{4B5C39E6-BE16-4626-A175-0871C235E9CA}.Debug|Any CPU.Build.0 = Debug|Any CPU
		{4B5C39E6-BE16-4626-A175-0871C235E9CA}.Release|Any CPU.ActiveCfg = Release|Any CPU
		{4B5C39E6-BE16-4626-A175-0871C235E9CA}.Release|Any CPU.Build.0 = Release|Any CPU
	EndGlobalSection
	GlobalSection(SolutionProperties) = preSolution
		HideSolutionNode = FALSE
	EndGlobalSection
	GlobalSection(ExtensibilityGlobals) = postSolution
		SolutionGuid = {DB66DB8D-59B5-41CF-B7CE-8CE3DC4F54BD}
	EndGlobalSection
EndGlobal
